
Microsoft Visual Studio Solution File, Format Version 12.00
# Visual Studio Version 17
VisualStudioVersion = 17.3.32929.385
MinimumVisualStudioVersion = 10.0.40219.1
Project("{FAE04EC0-301F-11D3-BF4B-00C04F79EFBC}") = "algorithms.gfg", "algorithms.gfg\algorithms.gfg.csproj", "{53B0B829-7283-4496-8EDE-1D7707135E3C}"
EndProject
Global
	GlobalSection(SolutionConfigurationPlatforms) = preSolution
		Debug|Any CPU = Debug|Any CPU
		Release|Any CPU = Release|Any CPU
	EndGlobalSection
	GlobalSection(ProjectConfigurationPlatforms) = postSolution
		{53B0B829-7283-4496-8EDE-1D7707135E3C}.Debug|Any CPU.ActiveCfg = Debug|Any CPU
		{53B0B829-7283-4496-8EDE-1D7707135E3C}.Debug|Any CPU.Build.0 = Debug|Any CPU
		{53B0B829-7283-4496-8EDE-1D7707135E3C}.Release|Any CPU.ActiveCfg = Release|Any CPU
		{53B0B829-7283-4496-8EDE-1D7707135E3C}.Release|Any CPU.Build.0 = Release|Any CPU
	EndGlobalSection
	GlobalSection(SolutionProperties) = preSolution
		HideSolutionNode = FALSE
	EndGlobalSection
	GlobalSection(ExtensibilityGlobals) = postSolution
		SolutionGuid = {20F30442-773C-4E84-989B-114E17A42132}
	EndGlobalSection
EndGlobal
